
Microsoft Visual Studio Solution File, Format Version 12.00
Project("{FAE04EC0-301F-11D3-BF4B-00C04F79EFBC}") = "backend2", "backend2\backend2.csproj", "{5C5C9ABF-8D2D-44B8-A511-E1EFD33AD7EA}"
EndProject
Global
	GlobalSection(SolutionConfigurationPlatforms) = preSolution
		Debug|Any CPU = Debug|Any CPU
		Release|Any CPU = Release|Any CPU
	EndGlobalSection
	GlobalSection(ProjectConfigurationPlatforms) = postSolution
		{5C5C9ABF-8D2D-44B8-A511-E1EFD33AD7EA}.Debug|Any CPU.ActiveCfg = Debug|Any CPU
		{5C5C9ABF-8D2D-44B8-A511-E1EFD33AD7EA}.Debug|Any CPU.Build.0 = Debug|Any CPU
		{5C5C9ABF-8D2D-44B8-A511-E1EFD33AD7EA}.Release|Any CPU.ActiveCfg = Release|Any CPU
		{5C5C9ABF-8D2D-44B8-A511-E1EFD33AD7EA}.Release|Any CPU.Build.0 = Release|Any CPU
	EndGlobalSection
EndGlobal
